
Microsoft Visual Studio Solution File, Format Version 12.00
# Visual Studio 15
VisualStudioVersion = 15.0.28010.2026
MinimumVisualStudioVersion = 10.0.40219.1
Project("{FAE04EC0-301F-11D3-BF4B-00C04F79EFBC}") = "DetectorsPowerManagement", "DetectorsPowerManagement\DetectorsPowerManagement.csproj", "{676A67A6-6A3F-4443-91BC-FE5B1AA16EF1}"
EndProject
Project("{FAE04EC0-301F-11D3-BF4B-00C04F79EFBC}") = "MU110-32R_Tests", "MU110-32R_Tests\MU110-32R_Tests.csproj", "{549A5A02-DFC1-403E-92AB-E107ED8D6B9A}"
EndProject
Global
	GlobalSection(SolutionConfigurationPlatforms) = preSolution
		Debug|Any CPU = Debug|Any CPU
		Release|Any CPU = Release|Any CPU
	EndGlobalSection
	GlobalSection(ProjectConfigurationPlatforms) = postSolution
		{676A67A6-6A3F-4443-91BC-FE5B1AA16EF1}.Debug|Any CPU.ActiveCfg = Debug|Any CPU
		{676A67A6-6A3F-4443-91BC-FE5B1AA16EF1}.Debug|Any CPU.Build.0 = Debug|Any CPU
		{676A67A6-6A3F-4443-91BC-FE5B1AA16EF1}.Release|Any CPU.ActiveCfg = Release|Any CPU
		{676A67A6-6A3F-4443-91BC-FE5B1AA16EF1}.Release|Any CPU.Build.0 = Release|Any CPU
		{549A5A02-DFC1-403E-92AB-E107ED8D6B9A}.Debug|Any CPU.ActiveCfg = Debug|Any CPU
		{549A5A02-DFC1-403E-92AB-E107ED8D6B9A}.Debug|Any CPU.Build.0 = Debug|Any CPU
		{549A5A02-DFC1-403E-92AB-E107ED8D6B9A}.Release|Any CPU.ActiveCfg = Release|Any CPU
		{549A5A02-DFC1-403E-92AB-E107ED8D6B9A}.Release|Any CPU.Build.0 = Release|Any CPU
	EndGlobalSection
	GlobalSection(SolutionProperties) = preSolution
		HideSolutionNode = FALSE
	EndGlobalSection
	GlobalSection(ExtensibilityGlobals) = postSolution
		SolutionGuid = {5307AE3E-8592-45D5-9934-CB26C7FBBC8A}
	EndGlobalSection
EndGlobal
